
Microsoft Visual Studio Solution File, Format Version 12.00
# Visual Studio Version 16
VisualStudioVersion = 16.0.31229.75
MinimumVisualStudioVersion = 10.0.40219.1
Project("{FAE04EC0-301F-11D3-BF4B-00C04F79EFBC}") = "Lista.Android", "Lista\Lista.Android\Lista.Android.csproj", "{4AEEAFAA-2413-40D7-8F5E-217A2F30979A}"
EndProject
Project("{FAE04EC0-301F-11D3-BF4B-00C04F79EFBC}") = "Lista.iOS", "Lista\Lista.iOS\Lista.iOS.csproj", "{84F3404D-2661-42A2-A7C5-8AC7DD93347A}"
EndProject
Project("{FAE04EC0-301F-11D3-BF4B-00C04F79EFBC}") = "Lista", "Lista\Lista\Lista.csproj", "{E5CCB59E-0A0B-4F88-AC5A-905163FB1EEF}"
EndProject
Global
	GlobalSection(SolutionConfigurationPlatforms) = preSolution
		Debug|Any CPU = Debug|Any CPU
		Debug|iPhone = Debug|iPhone
		Debug|iPhoneSimulator = Debug|iPhoneSimulator
		Release|Any CPU = Release|Any CPU
		Release|iPhone = Release|iPhone
		Release|iPhoneSimulator = Release|iPhoneSimulator
	EndGlobalSection
	GlobalSection(ProjectConfigurationPlatforms) = postSolution
		{4AEEAFAA-2413-40D7-8F5E-217A2F30979A}.Debug|Any CPU.ActiveCfg = Debug|Any CPU
		{4AEEAFAA-2413-40D7-8F5E-217A2F30979A}.Debug|Any CPU.Build.0 = Debug|Any CPU
		{4AEEAFAA-2413-40D7-8F5E-217A2F30979A}.Debug|Any CPU.Deploy.0 = Debug|Any CPU
		{4AEEAFAA-2413-40D7-8F5E-217A2F30979A}.Debug|iPhone.ActiveCfg = Debug|Any CPU
		{4AEEAFAA-2413-40D7-8F5E-217A2F30979A}.Debug|iPhone.Build.0 = Debug|Any CPU
		{4AEEAFAA-2413-40D7-8F5E-217A2F30979A}.Debug|iPhone.Deploy.0 = Debug|Any CPU
		{4AEEAFAA-2413-40D7-8F5E-217A2F30979A}.Debug|iPhoneSimulator.ActiveCfg = Debug|Any CPU
		{4AEEAFAA-2413-40D7-8F5E-217A2F30979A}.Debug|iPhoneSimulator.Build.0 = Debug|Any CPU
		{4AEEAFAA-2413-40D7-8F5E-217A2F30979A}.Debug|iPhoneSimulator.Deploy.0 = Debug|Any CPU
		{4AEEAFAA-2413-40D7-8F5E-217A2F30979A}.Release|Any CPU.ActiveCfg = Release|Any CPU
		{4AEEAFAA-2413-40D7-8F5E-217A2F30979A}.Release|Any CPU.Build.0 = Release|Any CPU
		{4AEEAFAA-2413-40D7-8F5E-217A2F30979A}.Release|Any CPU.Deploy.0 = Release|Any CPU
		{4AEEAFAA-2413-40D7-8F5E-217A2F30979A}.Release|iPhone.ActiveCfg = Release|Any CPU
		{4AEEAFAA-2413-40D7-8F5E-217A2F30979A}.Release|iPhone.Build.0 = Release|Any CPU
		{4AEEAFAA-2413-40D7-8F5E-217A2F30979A}.Release|iPhone.Deploy.0 = Release|Any CPU
		{4AEEAFAA-2413-40D7-8F5E-217A2F30979A}.Release|iPhoneSimulator.ActiveCfg = Release|Any CPU
		{4AEEAFAA-2413-40D7-8F5E-217A2F30979A}.Release|iPhoneSimulator.Build.0 = Release|Any CPU
		{4AEEAFAA-2413-40D7-8F5E-217A2F30979A}.Release|iPhoneSimulator.Deploy.0 = Release|Any CPU
		{84F3404D-2661-42A2-A7C5-8AC7DD93347A}.Debug|Any CPU.ActiveCfg = Debug|iPhone
		{84F3404D-2661-42A2-A7C5-8AC7DD93347A}.Debug|Any CPU.Build.0 = Debug|iPhone
		{84F3404D-2661-42A2-A7C5-8AC7DD93347A}.Debug|Any CPU.Deploy.0 = Debug|iPhone
		{84F3404D-2661-42A2-A7C5-8AC7DD93347A}.Debug|iPhone.ActiveCfg = Debug|iPhone
		{84F3404D-2661-42A2-A7C5-8AC7DD93347A}.Debug|iPhone.Build.0 = Debug|iPhone
		{84F3404D-2661-42A2-A7C5-8AC7DD93347A}.Debug|iPhone.Deploy.0 = Debug|iPhone
		{84F3404D-2661-42A2-A7C5-8AC7DD93347A}.Debug|iPhoneSimulator.ActiveCfg = Debug|iPhoneSimulator
		{84F3404D-2661-42A2-A7C5-8AC7DD93347A}.Debug|iPhoneSimulator.Build.0 = Debug|iPhoneSimulator
		{84F3404D-2661-42A2-A7C5-8AC7DD93347A}.Debug|iPhoneSimulator.Deploy.0 = Debug|iPhoneSimulator
		{84F3404D-2661-42A2-A7C5-8AC7DD93347A}.Release|Any CPU.ActiveCfg = Release|iPhoneSimulator
		{84F3404D-2661-42A2-A7C5-8AC7DD93347A}.Release|Any CPU.Build.0 = Release|iPhoneSimulator
		{84F3404D-2661-42A2-A7C5-8AC7DD93347A}.Release|Any CPU.Deploy.0 = Release|iPhoneSimulator
		{84F3404D-2661-42A2-A7C5-8AC7DD93347A}.Release|iPhone.ActiveCfg = Release|iPhone
		{84F3404D-2661-42A2-A7C5-8AC7DD93347A}.Release|iPhone.Build.0 = Release|iPhone
		{84F3404D-2661-42A2-A7C5-8AC7DD93347A}.Release|iPhone.Deploy.0 = Release|iPhone
		{84F3404D-2661-42A2-A7C5-8AC7DD93347A}.Release|iPhoneSimulator.ActiveCfg = Release|iPhoneSimulator
		{84F3404D-2661-42A2-A7C5-8AC7DD93347A}.Release|iPhoneSimulator.Build.0 = Release|iPhoneSimulator
		{84F3404D-2661-42A2-A7C5-8AC7DD93347A}.Release|iPhoneSimulator.Deploy.0 = Release|iPhoneSimulator
		{E5CCB59E-0A0B-4F88-AC5A-905163FB1EEF}.Debug|Any CPU.ActiveCfg = Debug|Any CPU
		{E5CCB59E-0A0B-4F88-AC5A-905163FB1EEF}.Debug|Any CPU.Build.0 = Debug|Any CPU
		{E5CCB59E-0A0B-4F88-AC5A-905163FB1EEF}.Debug|Any CPU.Deploy.0 = Debug|Any CPU
		{E5CCB59E-0A0B-4F88-AC5A-905163FB1EEF}.Debug|iPhone.ActiveCfg = Debug|Any CPU
		{E5CCB59E-0A0B-4F88-AC5A-905163FB1EEF}.Debug|iPhone.Build.0 = Debug|Any CPU
		{E5CCB59E-0A0B-4F88-AC5A-905163FB1EEF}.Debug|iPhone.Deploy.0 = Debug|Any CPU
		{E5CCB59E-0A0B-4F88-AC5A-905163FB1EEF}.Debug|iPhoneSimulator.ActiveCfg = Debug|Any CPU
		{E5CCB59E-0A0B-4F88-AC5A-905163FB1EEF}.Debug|iPhoneSimulator.Build.0 = Debug|Any CPU
		{E5CCB59E-0A0B-4F88-AC5A-905163FB1EEF}.Debug|iPhoneSimulator.Deploy.0 = Debug|Any CPU
		{E5CCB59E-0A0B-4F88-AC5A-905163FB1EEF}.Release|Any CPU.ActiveCfg = Release|Any CPU
		{E5CCB59E-0A0B-4F88-AC5A-905163FB1EEF}.Release|Any CPU.Build.0 = Release|Any CPU
		{E5CCB59E-0A0B-4F88-AC5A-905163FB1EEF}.Release|Any CPU.Deploy.0 = Release|Any CPU
		{E5CCB59E-0A0B-4F88-AC5A-905163FB1EEF}.Release|iPhone.ActiveCfg = Release|Any CPU
		{E5CCB59E-0A0B-4F88-AC5A-905163FB1EEF}.Release|iPhone.Build.0 = Release|Any CPU
		{E5CCB59E-0A0B-4F88-AC5A-905163FB1EEF}.Release|iPhone.Deploy.0 = Release|Any CPU
		{E5CCB59E-0A0B-4F88-AC5A-905163FB1EEF}.Release|iPhoneSimulator.ActiveCfg = Release|Any CPU
		{E5CCB59E-0A0B-4F88-AC5A-905163FB1EEF}.Release|iPhoneSimulator.Build.0 = Release|Any CPU
		{E5CCB59E-0A0B-4F88-AC5A-905163FB1EEF}.Release|iPhoneSimulator.Deploy.0 = Release|Any CPU
	EndGlobalSection
	GlobalSection(SolutionProperties) = preSolution
		HideSolutionNode = FALSE
	EndGlobalSection
	GlobalSection(ExtensibilityGlobals) = postSolution
		SolutionGuid = {FB17C5D2-6BB5-4662-9036-7F0DC7E2DC6E}
	EndGlobalSection
EndGlobal
